
Microsoft Visual Studio Solution File, Format Version 12.00
# Visual Studio Version 17
VisualStudioVersion = 17.1.32319.34
MinimumVisualStudioVersion = 10.0.40219.1
Project("{2150E333-8FDC-42A3-9474-1A3956D46DE8}") = "Docs", "Docs", "{8C3A54A8-EF61-4988-B582-6C93B4155278}"
EndProject
Project("{2150E333-8FDC-42A3-9474-1A3956D46DE8}") = "Src", "Src", "{B61199E4-8414-4C2F-89A7-ABEF1C319F5A}"
EndProject
Project("{2150E333-8FDC-42A3-9474-1A3956D46DE8}") = "Tests", "Tests", "{A3A9DA38-90E7-4BB8-8FB1-E9C8A7C3A749}"
EndProject
Project("{2150E333-8FDC-42A3-9474-1A3956D46DE8}") = "TestsExperiment", "TestsExperiment", "{16A07363-A3B1-4312-B96C-723903915559}"
EndProject
Project("{9A19103F-16F7-4668-BE54-9A1E7A4F7556}") = "TestOnConsoleApp", "TestExperiment\TestOnConsoleApp\TestOnConsoleApp.csproj", "{E88133D1-FBDB-4120-A00A-07012B64FFBF}"
EndProject
Project("{2150E333-8FDC-42A3-9474-1A3956D46DE8}") = "Core", "Core", "{49A1BF2F-3355-4ADF-8BD6-E52BCAE67FCD}"
EndProject
Project("{2150E333-8FDC-42A3-9474-1A3956D46DE8}") = "Infrastructures", "Infrastructures", "{A380970F-F05F-4C65-9F7C-1AA512697FAC}"
EndProject
Project("{9A19103F-16F7-4668-BE54-9A1E7A4F7556}") = "Domain", "Src\Core\Domain\Domain.csproj", "{EAEB3B37-0E22-478E-AF68-7DBD14867FA2}"
EndProject
Project("{9A19103F-16F7-4668-BE54-9A1E7A4F7556}") = "Application", "Src\Core\Application\Application.csproj", "{751875EF-E270-4BDE-B398-EC51360408B8}"
EndProject
Project("{2150E333-8FDC-42A3-9474-1A3956D46DE8}") = "Presentation", "Presentation", "{E108C92E-BBB1-4874-AB30-CA66AA1DD43A}"
EndProject
Project("{9A19103F-16F7-4668-BE54-9A1E7A4F7556}") = "BlazorAppTest", "TestExperiment\BlazorAppTest\BlazorAppTest.csproj", "{5D558C97-666C-46B4-8447-7AFAB426D165}"
EndProject
Project("{9A19103F-16F7-4668-BE54-9A1E7A4F7556}") = "WebAPI", "Src\Presentation\WebAPI\WebAPI.csproj", "{CD48D8BB-BC2D-401D-AD67-6EDB67DBC30A}"
EndProject
Project("{9A19103F-16F7-4668-BE54-9A1E7A4F7556}") = "Infrastructure", "Src\Infrastructures\Infrastructure\Infrastructure.csproj", "{4B38E7A4-D5A9-4404-8213-802F09A24E0D}"
EndProject
Project("{9A19103F-16F7-4668-BE54-9A1E7A4F7556}") = "CarHire.Services", "Src\Presentation\CarHire.Services\CarHire.Services.csproj", "{FD1B6085-C66B-48E3-88A9-060826A56853}"
EndProject
Project("{9A19103F-16F7-4668-BE54-9A1E7A4F7556}") = "CarHireRazorClassLibrary", "Src\Presentation\CarHireRazorClassLibrary\CarHireRazorClassLibrary.csproj", "{71F5102C-F5FC-419B-8771-06D7C630F059}"
EndProject
Project("{9A19103F-16F7-4668-BE54-9A1E7A4F7556}") = "WebSite", "Src\Presentation\WebSite\WebSite.csproj", "{615F2C6B-83A1-4125-AF82-C9C062F398C9}"
EndProject
Project("{2150E333-8FDC-42A3-9474-1A3956D46DE8}") = "EfCommands", "EfCommands", "{0FE2E95D-A7DD-4CB1-9D08-7C876B62FB94}"
	ProjectSection(SolutionItems) = preProject
		EfCoreCommands.txt = EfCoreCommands.txt
	EndProjectSection
EndProject
Project("{9A19103F-16F7-4668-BE54-9A1E7A4F7556}") = "Domain.UnitTests", "Tests\Domain.UnitTests\Domain.UnitTests.csproj", "{5B84F5D9-AF30-4677-BA22-D99790DC9F82}"
EndProject
Project("{9A19103F-16F7-4668-BE54-9A1E7A4F7556}") = "BuildTestDataLibrary", "Tests\BuildTestDataLibrary\BuildTestDataLibrary.csproj", "{BB1BC4AA-89A3-476E-A1A6-4C829378E344}"
EndProject
Project("{9A19103F-16F7-4668-BE54-9A1E7A4F7556}") = "Infrastructure.IntegrationTest", "Tests\Infrastructure.IntegrationTest\Infrastructure.IntegrationTest.csproj", "{39CE8155-3FD2-4105-999E-432E04BC74AF}"
EndProject
Project("{2150E333-8FDC-42A3-9474-1A3956D46DE8}") = "Docs", "Docs", "{01204489-2E56-4D9E-8A47-657F98076FF3}"
	ProjectSection(SolutionItems) = preProject
		Tests\Docs\TestPattern.txt = Tests\Docs\TestPattern.txt
	EndProjectSection
EndProject
Project("{9A19103F-16F7-4668-BE54-9A1E7A4F7556}") = "Application.UnitTests", "Tests\Application.UnitTests\Application.UnitTests.csproj", "{598B6B58-57C8-46A1-9AB5-CF0AEBBEA344}"
EndProject
Project("{FAE04EC0-301F-11D3-BF4B-00C04F79EFBC}") = "SharedFunctionLibrary", "Tests\SharedFunctionLibrary\SharedFunctionLibrary.csproj", "{F456D567-A649-4D9A-83D1-F220AE83EC8A}"
EndProject
Project("{FAE04EC0-301F-11D3-BF4B-00C04F79EFBC}") = "WebApi.FunctionalTests", "Tests\WebApi.FunctionalTests\WebApi.FunctionalTests.csproj", "{847DBF58-62D5-4976-B8C6-62967493B36D}"
EndProject
Global
	GlobalSection(SolutionConfigurationPlatforms) = preSolution
		Debug|Any CPU = Debug|Any CPU
		Release|Any CPU = Release|Any CPU
	EndGlobalSection
	GlobalSection(ProjectConfigurationPlatforms) = postSolution
		{E88133D1-FBDB-4120-A00A-07012B64FFBF}.Debug|Any CPU.ActiveCfg = Debug|Any CPU
		{E88133D1-FBDB-4120-A00A-07012B64FFBF}.Debug|Any CPU.Build.0 = Debug|Any CPU
		{E88133D1-FBDB-4120-A00A-07012B64FFBF}.Release|Any CPU.ActiveCfg = Release|Any CPU
		{E88133D1-FBDB-4120-A00A-07012B64FFBF}.Release|Any CPU.Build.0 = Release|Any CPU
		{EAEB3B37-0E22-478E-AF68-7DBD14867FA2}.Debug|Any CPU.ActiveCfg = Debug|Any CPU
		{EAEB3B37-0E22-478E-AF68-7DBD14867FA2}.Debug|Any CPU.Build.0 = Debug|Any CPU
		{EAEB3B37-0E22-478E-AF68-7DBD14867FA2}.Release|Any CPU.ActiveCfg = Release|Any CPU
		{EAEB3B37-0E22-478E-AF68-7DBD14867FA2}.Release|Any CPU.Build.0 = Release|Any CPU
		{751875EF-E270-4BDE-B398-EC51360408B8}.Debug|Any CPU.ActiveCfg = Debug|Any CPU
		{751875EF-E270-4BDE-B398-EC51360408B8}.Debug|Any CPU.Build.0 = Debug|Any CPU
		{751875EF-E270-4BDE-B398-EC51360408B8}.Release|Any CPU.ActiveCfg = Release|Any CPU
		{751875EF-E270-4BDE-B398-EC51360408B8}.Release|Any CPU.Build.0 = Release|Any CPU
		{5D558C97-666C-46B4-8447-7AFAB426D165}.Debug|Any CPU.ActiveCfg = Debug|Any CPU
		{5D558C97-666C-46B4-8447-7AFAB426D165}.Debug|Any CPU.Build.0 = Debug|Any CPU
		{5D558C97-666C-46B4-8447-7AFAB426D165}.Release|Any CPU.ActiveCfg = Release|Any CPU
		{5D558C97-666C-46B4-8447-7AFAB426D165}.Release|Any CPU.Build.0 = Release|Any CPU
		{CD48D8BB-BC2D-401D-AD67-6EDB67DBC30A}.Debug|Any CPU.ActiveCfg = Debug|Any CPU
		{CD48D8BB-BC2D-401D-AD67-6EDB67DBC30A}.Debug|Any CPU.Build.0 = Debug|Any CPU
		{CD48D8BB-BC2D-401D-AD67-6EDB67DBC30A}.Release|Any CPU.ActiveCfg = Release|Any CPU
		{CD48D8BB-BC2D-401D-AD67-6EDB67DBC30A}.Release|Any CPU.Build.0 = Release|Any CPU
		{4B38E7A4-D5A9-4404-8213-802F09A24E0D}.Debug|Any CPU.ActiveCfg = Debug|Any CPU
		{4B38E7A4-D5A9-4404-8213-802F09A24E0D}.Debug|Any CPU.Build.0 = Debug|Any CPU
		{4B38E7A4-D5A9-4404-8213-802F09A24E0D}.Release|Any CPU.ActiveCfg = Release|Any CPU
		{4B38E7A4-D5A9-4404-8213-802F09A24E0D}.Release|Any CPU.Build.0 = Release|Any CPU
		{FD1B6085-C66B-48E3-88A9-060826A56853}.Debug|Any CPU.ActiveCfg = Debug|Any CPU
		{FD1B6085-C66B-48E3-88A9-060826A56853}.Debug|Any CPU.Build.0 = Debug|Any CPU
		{FD1B6085-C66B-48E3-88A9-060826A56853}.Release|Any CPU.ActiveCfg = Release|Any CPU
		{FD1B6085-C66B-48E3-88A9-060826A56853}.Release|Any CPU.Build.0 = Release|Any CPU
		{71F5102C-F5FC-419B-8771-06D7C630F059}.Debug|Any CPU.ActiveCfg = Debug|Any CPU
		{71F5102C-F5FC-419B-8771-06D7C630F059}.Debug|Any CPU.Build.0 = Debug|Any CPU
		{71F5102C-F5FC-419B-8771-06D7C630F059}.Release|Any CPU.ActiveCfg = Release|Any CPU
		{71F5102C-F5FC-419B-8771-06D7C630F059}.Release|Any CPU.Build.0 = Release|Any CPU
		{615F2C6B-83A1-4125-AF82-C9C062F398C9}.Debug|Any CPU.ActiveCfg = Debug|Any CPU
		{615F2C6B-83A1-4125-AF82-C9C062F398C9}.Debug|Any CPU.Build.0 = Debug|Any CPU
		{615F2C6B-83A1-4125-AF82-C9C062F398C9}.Release|Any CPU.ActiveCfg = Release|Any CPU
		{615F2C6B-83A1-4125-AF82-C9C062F398C9}.Release|Any CPU.Build.0 = Release|Any CPU
		{5B84F5D9-AF30-4677-BA22-D99790DC9F82}.Debug|Any CPU.ActiveCfg = Debug|Any CPU
		{5B84F5D9-AF30-4677-BA22-D99790DC9F82}.Debug|Any CPU.Build.0 = Debug|Any CPU
		{5B84F5D9-AF30-4677-BA22-D99790DC9F82}.Release|Any CPU.ActiveCfg = Release|Any CPU
		{5B84F5D9-AF30-4677-BA22-D99790DC9F82}.Release|Any CPU.Build.0 = Release|Any CPU
		{BB1BC4AA-89A3-476E-A1A6-4C829378E344}.Debug|Any CPU.ActiveCfg = Debug|Any CPU
		{BB1BC4AA-89A3-476E-A1A6-4C829378E344}.Debug|Any CPU.Build.0 = Debug|Any CPU
		{BB1BC4AA-89A3-476E-A1A6-4C829378E344}.Release|Any CPU.ActiveCfg = Release|Any CPU
		{BB1BC4AA-89A3-476E-A1A6-4C829378E344}.Release|Any CPU.Build.0 = Release|Any CPU
		{39CE8155-3FD2-4105-999E-432E04BC74AF}.Debug|Any CPU.ActiveCfg = Debug|Any CPU
		{39CE8155-3FD2-4105-999E-432E04BC74AF}.Debug|Any CPU.Build.0 = Debug|Any CPU
		{39CE8155-3FD2-4105-999E-432E04BC74AF}.Release|Any CPU.ActiveCfg = Release|Any CPU
		{39CE8155-3FD2-4105-999E-432E04BC74AF}.Release|Any CPU.Build.0 = Release|Any CPU
		{598B6B58-57C8-46A1-9AB5-CF0AEBBEA344}.Debug|Any CPU.ActiveCfg = Debug|Any CPU
		{598B6B58-57C8-46A1-9AB5-CF0AEBBEA344}.Debug|Any CPU.Build.0 = Debug|Any CPU
		{598B6B58-57C8-46A1-9AB5-CF0AEBBEA344}.Release|Any CPU.ActiveCfg = Release|Any CPU
		{598B6B58-57C8-46A1-9AB5-CF0AEBBEA344}.Release|Any CPU.Build.0 = Release|Any CPU
		{F456D567-A649-4D9A-83D1-F220AE83EC8A}.Debug|Any CPU.ActiveCfg = Debug|Any CPU
		{F456D567-A649-4D9A-83D1-F220AE83EC8A}.Debug|Any CPU.Build.0 = Debug|Any CPU
		{F456D567-A649-4D9A-83D1-F220AE83EC8A}.Release|Any CPU.ActiveCfg = Release|Any CPU
		{F456D567-A649-4D9A-83D1-F220AE83EC8A}.Release|Any CPU.Build.0 = Release|Any CPU
		{847DBF58-62D5-4976-B8C6-62967493B36D}.Debug|Any CPU.ActiveCfg = Debug|Any CPU
		{847DBF58-62D5-4976-B8C6-62967493B36D}.Debug|Any CPU.Build.0 = Debug|Any CPU
		{847DBF58-62D5-4976-B8C6-62967493B36D}.Release|Any CPU.ActiveCfg = Release|Any CPU
		{847DBF58-62D5-4976-B8C6-62967493B36D}.Release|Any CPU.Build.0 = Release|Any CPU
	EndGlobalSection
	GlobalSection(SolutionProperties) = preSolution
		HideSolutionNode = FALSE
	EndGlobalSection
	GlobalSection(NestedProjects) = preSolution
		{E88133D1-FBDB-4120-A00A-07012B64FFBF} = {16A07363-A3B1-4312-B96C-723903915559}
		{49A1BF2F-3355-4ADF-8BD6-E52BCAE67FCD} = {B61199E4-8414-4C2F-89A7-ABEF1C319F5A}
		{A380970F-F05F-4C65-9F7C-1AA512697FAC} = {B61199E4-8414-4C2F-89A7-ABEF1C319F5A}
		{EAEB3B37-0E22-478E-AF68-7DBD14867FA2} = {49A1BF2F-3355-4ADF-8BD6-E52BCAE67FCD}
		{751875EF-E270-4BDE-B398-EC51360408B8} = {49A1BF2F-3355-4ADF-8BD6-E52BCAE67FCD}
		{E108C92E-BBB1-4874-AB30-CA66AA1DD43A} = {B61199E4-8414-4C2F-89A7-ABEF1C319F5A}
		{5D558C97-666C-46B4-8447-7AFAB426D165} = {16A07363-A3B1-4312-B96C-723903915559}
		{CD48D8BB-BC2D-401D-AD67-6EDB67DBC30A} = {E108C92E-BBB1-4874-AB30-CA66AA1DD43A}
		{4B38E7A4-D5A9-4404-8213-802F09A24E0D} = {A380970F-F05F-4C65-9F7C-1AA512697FAC}
		{FD1B6085-C66B-48E3-88A9-060826A56853} = {A380970F-F05F-4C65-9F7C-1AA512697FAC}
		{71F5102C-F5FC-419B-8771-06D7C630F059} = {E108C92E-BBB1-4874-AB30-CA66AA1DD43A}
		{615F2C6B-83A1-4125-AF82-C9C062F398C9} = {E108C92E-BBB1-4874-AB30-CA66AA1DD43A}
		{0FE2E95D-A7DD-4CB1-9D08-7C876B62FB94} = {8C3A54A8-EF61-4988-B582-6C93B4155278}
		{5B84F5D9-AF30-4677-BA22-D99790DC9F82} = {A3A9DA38-90E7-4BB8-8FB1-E9C8A7C3A749}
		{BB1BC4AA-89A3-476E-A1A6-4C829378E344} = {A3A9DA38-90E7-4BB8-8FB1-E9C8A7C3A749}
		{39CE8155-3FD2-4105-999E-432E04BC74AF} = {A3A9DA38-90E7-4BB8-8FB1-E9C8A7C3A749}
		{01204489-2E56-4D9E-8A47-657F98076FF3} = {A3A9DA38-90E7-4BB8-8FB1-E9C8A7C3A749}
		{598B6B58-57C8-46A1-9AB5-CF0AEBBEA344} = {A3A9DA38-90E7-4BB8-8FB1-E9C8A7C3A749}
		{F456D567-A649-4D9A-83D1-F220AE83EC8A} = {A3A9DA38-90E7-4BB8-8FB1-E9C8A7C3A749}
		{847DBF58-62D5-4976-B8C6-62967493B36D} = {A3A9DA38-90E7-4BB8-8FB1-E9C8A7C3A749}
	EndGlobalSection
	GlobalSection(ExtensibilityGlobals) = postSolution
		SolutionGuid = {F6EE3300-8E84-48F3-B11C-E7BF364896CF}
	EndGlobalSection
EndGlobal
