
Microsoft Visual Studio Solution File, Format Version 12.00
# Visual Studio Version 17
VisualStudioVersion = 17.1.32319.34
MinimumVisualStudioVersion = 10.0.40219.1
Project("{2150E333-8FDC-42A3-9474-1A3956D46DE8}") = "Docs", "Docs", "{8C3A54A8-EF61-4988-B582-6C93B4155278}"
EndProject
Project("{2150E333-8FDC-42A3-9474-1A3956D46DE8}") = "Src", "Src", "{B61199E4-8414-4C2F-89A7-ABEF1C319F5A}"
EndProject
Project("{2150E333-8FDC-42A3-9474-1A3956D46DE8}") = "Tests", "Tests", "{A3A9DA38-90E7-4BB8-8FB1-E9C8A7C3A749}"
EndProject
Project("{9A19103F-16F7-4668-BE54-9A1E7A4F7556}") = "CarHireCore.UnitTests", "Tests\CarHireCore.UnitTests\CarHireCore.UnitTests.csproj", "{4CED4847-5396-4722-98A8-41B647D4EFD3}"
EndProject
Project("{2150E333-8FDC-42A3-9474-1A3956D46DE8}") = "TestsExperiment", "TestsExperiment", "{16A07363-A3B1-4312-B96C-723903915559}"
EndProject
Project("{9A19103F-16F7-4668-BE54-9A1E7A4F7556}") = "TestOnConsoleApp", "TestExperiment\TestOnConsoleApp\TestOnConsoleApp.csproj", "{E88133D1-FBDB-4120-A00A-07012B64FFBF}"
EndProject
Project("{2150E333-8FDC-42A3-9474-1A3956D46DE8}") = "Core", "Core", "{49A1BF2F-3355-4ADF-8BD6-E52BCAE67FCD}"
EndProject
Project("{2150E333-8FDC-42A3-9474-1A3956D46DE8}") = "Infrastructures", "Infrastructures", "{A380970F-F05F-4C65-9F7C-1AA512697FAC}"
EndProject
Project("{9A19103F-16F7-4668-BE54-9A1E7A4F7556}") = "Domain", "Src\Core\Domain\Domain.csproj", "{EAEB3B37-0E22-478E-AF68-7DBD14867FA2}"
EndProject
Project("{9A19103F-16F7-4668-BE54-9A1E7A4F7556}") = "Application", "Src\Core\Application\Application.csproj", "{751875EF-E270-4BDE-B398-EC51360408B8}"
EndProject
Project("{2150E333-8FDC-42A3-9474-1A3956D46DE8}") = "Presentation", "Presentation", "{E108C92E-BBB1-4874-AB30-CA66AA1DD43A}"
EndProject
Project("{9A19103F-16F7-4668-BE54-9A1E7A4F7556}") = "WebAPI", "Src\Presentation\WebAPI\WebAPI.csproj", "{CD48D8BB-BC2D-401D-AD67-6EDB67DBC30A}"
EndProject
Project("{9A19103F-16F7-4668-BE54-9A1E7A4F7556}") = "Infrastructure", "Src\Infrastructures\Infrastructure\Infrastructure.csproj", "{4B38E7A4-D5A9-4404-8213-802F09A24E0D}"
EndProject
Project("{9A19103F-16F7-4668-BE54-9A1E7A4F7556}") = "Application.IntegrationTests", "Tests\Application.IntegrationTests\Application.IntegrationTests.csproj", "{83F69829-ED83-4581-88C1-86B9826E846B}"
EndProject
Project("{9A19103F-16F7-4668-BE54-9A1E7A4F7556}") = "CarHire.Services", "Src\Presentation\CarHire.Services\CarHire.Services.csproj", "{FD1B6085-C66B-48E3-88A9-060826A56853}"
EndProject
Project("{9A19103F-16F7-4668-BE54-9A1E7A4F7556}") = "CarHireRazorClassLibrary", "Src\Presentation\CarHireRazorClassLibrary\CarHireRazorClassLibrary.csproj", "{71F5102C-F5FC-419B-8771-06D7C630F059}"
EndProject
Project("{9A19103F-16F7-4668-BE54-9A1E7A4F7556}") = "WebSite", "Src\Presentation\WebSite\WebSite.csproj", "{615F2C6B-83A1-4125-AF82-C9C062F398C9}"
EndProject
Project("{2150E333-8FDC-42A3-9474-1A3956D46DE8}") = "EfCommands", "EfCommands", "{0FE2E95D-A7DD-4CB1-9D08-7C876B62FB94}"
	ProjectSection(SolutionItems) = preProject
		EfCoreCommands.txt = EfCoreCommands.txt
	EndProjectSection
EndProject
Project("{2150E333-8FDC-42A3-9474-1A3956D46DE8}") = "Docs", "Docs", "{290AB6BB-36EA-423E-9D39-8DCE9E22EC8F}"
	ProjectSection(SolutionItems) = preProject
		TestFuncName.txt = TestFuncName.txt
		TestPattern.txt = TestPattern.txt
	EndProjectSection
EndProject
Project("{FAE04EC0-301F-11D3-BF4B-00C04F79EFBC}") = "Domain.UnitTests", "Tests\Domain.UnitTests\Domain.UnitTests.csproj", "{B912E733-0DCA-4F58-91DF-2679C8F6DB8A}"
EndProject
Project("{FAE04EC0-301F-11D3-BF4B-00C04F79EFBC}") = "SharedFucntionLibrary", "Tests\SharedFucntionLibrary\SharedFucntionLibrary.csproj", "{552EA094-4E7A-42EE-80E7-F7981C330935}"
EndProject
Project("{FAE04EC0-301F-11D3-BF4B-00C04F79EFBC}") = "BuildTestDataLibrary", "Tests\BuildTestDataLibrary\BuildTestDataLibrary.csproj", "{C6CF593F-0D28-4C6B-8028-93A81BD8D101}"
EndProject
Global
	GlobalSection(SolutionConfigurationPlatforms) = preSolution
		Debug|Any CPU = Debug|Any CPU
		Release|Any CPU = Release|Any CPU
	EndGlobalSection
	GlobalSection(ProjectConfigurationPlatforms) = postSolution
		{4CED4847-5396-4722-98A8-41B647D4EFD3}.Debug|Any CPU.ActiveCfg = Debug|Any CPU
		{4CED4847-5396-4722-98A8-41B647D4EFD3}.Debug|Any CPU.Build.0 = Debug|Any CPU
		{4CED4847-5396-4722-98A8-41B647D4EFD3}.Release|Any CPU.ActiveCfg = Release|Any CPU
		{4CED4847-5396-4722-98A8-41B647D4EFD3}.Release|Any CPU.Build.0 = Release|Any CPU
		{E88133D1-FBDB-4120-A00A-07012B64FFBF}.Debug|Any CPU.ActiveCfg = Debug|Any CPU
		{E88133D1-FBDB-4120-A00A-07012B64FFBF}.Debug|Any CPU.Build.0 = Debug|Any CPU
		{E88133D1-FBDB-4120-A00A-07012B64FFBF}.Release|Any CPU.ActiveCfg = Release|Any CPU
		{E88133D1-FBDB-4120-A00A-07012B64FFBF}.Release|Any CPU.Build.0 = Release|Any CPU
		{EAEB3B37-0E22-478E-AF68-7DBD14867FA2}.Debug|Any CPU.ActiveCfg = Debug|Any CPU
		{EAEB3B37-0E22-478E-AF68-7DBD14867FA2}.Debug|Any CPU.Build.0 = Debug|Any CPU
		{EAEB3B37-0E22-478E-AF68-7DBD14867FA2}.Release|Any CPU.ActiveCfg = Release|Any CPU
		{EAEB3B37-0E22-478E-AF68-7DBD14867FA2}.Release|Any CPU.Build.0 = Release|Any CPU
		{751875EF-E270-4BDE-B398-EC51360408B8}.Debug|Any CPU.ActiveCfg = Debug|Any CPU
		{751875EF-E270-4BDE-B398-EC51360408B8}.Debug|Any CPU.Build.0 = Debug|Any CPU
		{751875EF-E270-4BDE-B398-EC51360408B8}.Release|Any CPU.ActiveCfg = Release|Any CPU
		{751875EF-E270-4BDE-B398-EC51360408B8}.Release|Any CPU.Build.0 = Release|Any CPU
		{CD48D8BB-BC2D-401D-AD67-6EDB67DBC30A}.Debug|Any CPU.ActiveCfg = Debug|Any CPU
		{CD48D8BB-BC2D-401D-AD67-6EDB67DBC30A}.Debug|Any CPU.Build.0 = Debug|Any CPU
		{CD48D8BB-BC2D-401D-AD67-6EDB67DBC30A}.Release|Any CPU.ActiveCfg = Release|Any CPU
		{CD48D8BB-BC2D-401D-AD67-6EDB67DBC30A}.Release|Any CPU.Build.0 = Release|Any CPU
		{4B38E7A4-D5A9-4404-8213-802F09A24E0D}.Debug|Any CPU.ActiveCfg = Debug|Any CPU
		{4B38E7A4-D5A9-4404-8213-802F09A24E0D}.Debug|Any CPU.Build.0 = Debug|Any CPU
		{4B38E7A4-D5A9-4404-8213-802F09A24E0D}.Release|Any CPU.ActiveCfg = Release|Any CPU
		{4B38E7A4-D5A9-4404-8213-802F09A24E0D}.Release|Any CPU.Build.0 = Release|Any CPU
		{83F69829-ED83-4581-88C1-86B9826E846B}.Debug|Any CPU.ActiveCfg = Debug|Any CPU
		{83F69829-ED83-4581-88C1-86B9826E846B}.Debug|Any CPU.Build.0 = Debug|Any CPU
		{83F69829-ED83-4581-88C1-86B9826E846B}.Release|Any CPU.ActiveCfg = Release|Any CPU
		{83F69829-ED83-4581-88C1-86B9826E846B}.Release|Any CPU.Build.0 = Release|Any CPU
		{FD1B6085-C66B-48E3-88A9-060826A56853}.Debug|Any CPU.ActiveCfg = Debug|Any CPU
		{FD1B6085-C66B-48E3-88A9-060826A56853}.Debug|Any CPU.Build.0 = Debug|Any CPU
		{FD1B6085-C66B-48E3-88A9-060826A56853}.Release|Any CPU.ActiveCfg = Release|Any CPU
		{FD1B6085-C66B-48E3-88A9-060826A56853}.Release|Any CPU.Build.0 = Release|Any CPU
		{71F5102C-F5FC-419B-8771-06D7C630F059}.Debug|Any CPU.ActiveCfg = Debug|Any CPU
		{71F5102C-F5FC-419B-8771-06D7C630F059}.Debug|Any CPU.Build.0 = Debug|Any CPU
		{71F5102C-F5FC-419B-8771-06D7C630F059}.Release|Any CPU.ActiveCfg = Release|Any CPU
		{71F5102C-F5FC-419B-8771-06D7C630F059}.Release|Any CPU.Build.0 = Release|Any CPU
		{615F2C6B-83A1-4125-AF82-C9C062F398C9}.Debug|Any CPU.ActiveCfg = Debug|Any CPU
		{615F2C6B-83A1-4125-AF82-C9C062F398C9}.Debug|Any CPU.Build.0 = Debug|Any CPU
		{615F2C6B-83A1-4125-AF82-C9C062F398C9}.Release|Any CPU.ActiveCfg = Release|Any CPU
		{615F2C6B-83A1-4125-AF82-C9C062F398C9}.Release|Any CPU.Build.0 = Release|Any CPU
		{B912E733-0DCA-4F58-91DF-2679C8F6DB8A}.Debug|Any CPU.ActiveCfg = Debug|Any CPU
		{B912E733-0DCA-4F58-91DF-2679C8F6DB8A}.Debug|Any CPU.Build.0 = Debug|Any CPU
		{B912E733-0DCA-4F58-91DF-2679C8F6DB8A}.Release|Any CPU.ActiveCfg = Release|Any CPU
		{B912E733-0DCA-4F58-91DF-2679C8F6DB8A}.Release|Any CPU.Build.0 = Release|Any CPU
		{552EA094-4E7A-42EE-80E7-F7981C330935}.Debug|Any CPU.ActiveCfg = Debug|Any CPU
		{552EA094-4E7A-42EE-80E7-F7981C330935}.Debug|Any CPU.Build.0 = Debug|Any CPU
		{552EA094-4E7A-42EE-80E7-F7981C330935}.Release|Any CPU.ActiveCfg = Release|Any CPU
		{552EA094-4E7A-42EE-80E7-F7981C330935}.Release|Any CPU.Build.0 = Release|Any CPU
		{C6CF593F-0D28-4C6B-8028-93A81BD8D101}.Debug|Any CPU.ActiveCfg = Debug|Any CPU
		{C6CF593F-0D28-4C6B-8028-93A81BD8D101}.Debug|Any CPU.Build.0 = Debug|Any CPU
		{C6CF593F-0D28-4C6B-8028-93A81BD8D101}.Release|Any CPU.ActiveCfg = Release|Any CPU
		{C6CF593F-0D28-4C6B-8028-93A81BD8D101}.Release|Any CPU.Build.0 = Release|Any CPU
	EndGlobalSection
	GlobalSection(SolutionProperties) = preSolution
		HideSolutionNode = FALSE
	EndGlobalSection
	GlobalSection(NestedProjects) = preSolution
		{4CED4847-5396-4722-98A8-41B647D4EFD3} = {A3A9DA38-90E7-4BB8-8FB1-E9C8A7C3A749}
		{E88133D1-FBDB-4120-A00A-07012B64FFBF} = {16A07363-A3B1-4312-B96C-723903915559}
		{49A1BF2F-3355-4ADF-8BD6-E52BCAE67FCD} = {B61199E4-8414-4C2F-89A7-ABEF1C319F5A}
		{A380970F-F05F-4C65-9F7C-1AA512697FAC} = {B61199E4-8414-4C2F-89A7-ABEF1C319F5A}
		{EAEB3B37-0E22-478E-AF68-7DBD14867FA2} = {49A1BF2F-3355-4ADF-8BD6-E52BCAE67FCD}
		{751875EF-E270-4BDE-B398-EC51360408B8} = {49A1BF2F-3355-4ADF-8BD6-E52BCAE67FCD}
		{E108C92E-BBB1-4874-AB30-CA66AA1DD43A} = {B61199E4-8414-4C2F-89A7-ABEF1C319F5A}
		{CD48D8BB-BC2D-401D-AD67-6EDB67DBC30A} = {E108C92E-BBB1-4874-AB30-CA66AA1DD43A}
		{4B38E7A4-D5A9-4404-8213-802F09A24E0D} = {A380970F-F05F-4C65-9F7C-1AA512697FAC}
		{83F69829-ED83-4581-88C1-86B9826E846B} = {A3A9DA38-90E7-4BB8-8FB1-E9C8A7C3A749}
		{FD1B6085-C66B-48E3-88A9-060826A56853} = {A380970F-F05F-4C65-9F7C-1AA512697FAC}
		{71F5102C-F5FC-419B-8771-06D7C630F059} = {E108C92E-BBB1-4874-AB30-CA66AA1DD43A}
		{615F2C6B-83A1-4125-AF82-C9C062F398C9} = {E108C92E-BBB1-4874-AB30-CA66AA1DD43A}
		{0FE2E95D-A7DD-4CB1-9D08-7C876B62FB94} = {8C3A54A8-EF61-4988-B582-6C93B4155278}
		{290AB6BB-36EA-423E-9D39-8DCE9E22EC8F} = {A3A9DA38-90E7-4BB8-8FB1-E9C8A7C3A749}
		{B912E733-0DCA-4F58-91DF-2679C8F6DB8A} = {A3A9DA38-90E7-4BB8-8FB1-E9C8A7C3A749}
		{552EA094-4E7A-42EE-80E7-F7981C330935} = {A3A9DA38-90E7-4BB8-8FB1-E9C8A7C3A749}
		{C6CF593F-0D28-4C6B-8028-93A81BD8D101} = {A3A9DA38-90E7-4BB8-8FB1-E9C8A7C3A749}
	EndGlobalSection
	GlobalSection(ExtensibilityGlobals) = postSolution
		SolutionGuid = {F6EE3300-8E84-48F3-B11C-E7BF364896CF}
	EndGlobalSection
EndGlobal
